{
    "_readme": [
        "This file locks the dependencies of your project to a known state",
        "Read more about it at https://getcomposer.org/doc/01-basic-usage.md#composer-lock-the-lock-file",
        "This file is @generated automatically"
    ],
    "hash": "a1fcdd655397ad4d7499bd640a12b3ac",
    "packages": [
        {
            "name": "composer/semver",
            "version": "0.1.0",
            "source": {
                "type": "git",
                "url": "https://github.com/composer/semver.git",
                "reference": "f6469477aa1952f2fcbd0ab52fcc7662f1dd0173"
            },
            "dist": {
                "type": "zip",
                "url": "https://api.github.com/repos/composer/semver/zipball/f6469477aa1952f2fcbd0ab52fcc7662f1dd0173",
                "reference": "f6469477aa1952f2fcbd0ab52fcc7662f1dd0173",
                "shasum": ""
            },
            "require": {
                "php": ">=5.3.2"
            },
            "require-dev": {
                "phpunit/phpunit": "~4.5",
                "phpunit/phpunit-mock-objects": "~2.3"
            },
            "type": "library",
            "extra": {
                "branch-alias": {
                    "dev-master": "0.1-dev"
                }
            },
            "autoload": {
                "psr-4": {
                    "Composer\\Semver\\": "src"
                }
            },
            "notification-url": "https://packagist.org/downloads/",
            "license": [
                "MIT"
            ],
            "authors": [
                {
                    "name": "Rob Bast",
                    "email": "rob.bast@gmail.com"
                },
                {
                    "name": "Nils Adermann",
                    "email": "naderman@naderman.de",
                    "homepage": "http://www.naderman.de"
                },
                {
                    "name": "Jordi Boggiano",
                    "email": "j.boggiano@seld.be",
                    "homepage": "http://seld.be"
                }
            ],
            "description": "Semver library that offers utilities, version constraint parsing and validation.",
            "keywords": [
                "semantic",
                "semver",
                "validation",
                "versioning"
            ],
            "time": "2015-07-23 06:21:50"
        },
        {
            "name": "cssjanus/cssjanus",
            "version": "v1.1.1",
            "source": {
                "type": "git",
                "url": "https://github.com/cssjanus/php-cssjanus.git",
                "reference": "62a9c32e6e140de09082b40a6e99d868ad14d4e0"
            },
            "dist": {
                "type": "zip",
                "url": "https://api.github.com/repos/cssjanus/php-cssjanus/zipball/62a9c32e6e140de09082b40a6e99d868ad14d4e0",
                "reference": "62a9c32e6e140de09082b40a6e99d868ad14d4e0",
                "shasum": ""
            },
            "require": {
                "php": ">=5.3.3"
            },
            "require-dev": {
                "jakub-onderka/php-parallel-lint": "0.8.*",
                "phpunit/phpunit": "3.7.*",
                "squizlabs/php_codesniffer": "1.*"
            },
            "type": "library",
            "autoload": {
                "psr-0": {
                    "": "src/"
                }
            },
            "notification-url": "https://packagist.org/downloads/",
            "license": [
                "Apache-2.0"
            ],
            "description": "Convert CSS stylesheets between left-to-right and right-to-left.",
            "time": "2014-11-14 20:00:50"
        },
        {
            "name": "firebase/php-jwt",
            "version": "v2.1.0",
            "source": {
                "type": "git",
                "url": "https://github.com/firebase/php-jwt.git",
                "reference": "fb219727e199dd80a72d5274ebb5c8b24d58dd9b"
            },
            "dist": {
                "type": "zip",
                "url": "https://api.github.com/repos/firebase/php-jwt/zipball/fb219727e199dd80a72d5274ebb5c8b24d58dd9b",
                "reference": "fb219727e199dd80a72d5274ebb5c8b24d58dd9b",
                "shasum": ""
            },
            "require": {
                "php": ">=5.2.0"
            },
            "type": "library",
            "autoload": {
                "classmap": [
                    "Authentication/",
                    "Exceptions/"
                ]
            },
            "notification-url": "https://packagist.org/downloads/",
            "license": [
                "BSD-3-Clause"
            ],
            "authors": [
                {
                    "name": "Neuman Vong",
                    "email": "neuman+pear@twilio.com",
                    "role": "Developer"
                },
                {
                    "name": "Anant Narayanan",
                    "email": "anant@php.net",
                    "role": "Developer"
                }
            ],
            "description": "A simple library to encode and decode JSON Web Tokens (JWT) in PHP. Should conform to the current spec.",
            "homepage": "https://github.com/firebase/php-jwt",
            "time": "2015-05-20 19:16:04"
        },
        {
            "name": "kzykhys/pygments",
            "version": "v1.0.0",
            "source": {
                "type": "git",
                "url": "https://github.com/kzykhys/Pygments.php.git",
                "reference": "7bde970d3c378d075ef0e005bb93a91055e17994"
            },
            "dist": {
                "type": "zip",
                "url": "https://api.github.com/repos/kzykhys/Pygments.php/zipball/7bde970d3c378d075ef0e005bb93a91055e17994",
                "reference": "7bde970d3c378d075ef0e005bb93a91055e17994",
                "shasum": ""
            },
            "require": {
                "php": ">=5.3.2",
                "symfony/process": ">=2.3"
            },
            "require-dev": {
                "symfony/finder": ">=2.3"
            },
            "type": "library",
            "autoload": {
                "psr-0": {
                    "": "src"
                }
            },
            "notification-url": "https://packagist.org/downloads/",
            "description": "A Thin Wrapper for the Python Pygments",
            "time": "2013-12-18 15:22:37"
        },
        {
            "name": "leafo/lessphp",
            "version": "v0.5.0",
            "source": {
                "type": "git",
                "url": "https://github.com/leafo/lessphp.git",
                "reference": "0f5a7f5545d2bcf4e9fad9a228c8ad89cc9aa283"
            },
            "dist": {
                "type": "zip",
                "url": "https://api.github.com/repos/leafo/lessphp/zipball/0f5a7f5545d2bcf4e9fad9a228c8ad89cc9aa283",
                "reference": "0f5a7f5545d2bcf4e9fad9a228c8ad89cc9aa283",
                "shasum": ""
            },
            "type": "library",
            "extra": {
                "branch-alias": {
                    "dev-master": "0.4.x-dev"
                }
            },
            "autoload": {
                "classmap": [
                    "lessc.inc.php"
                ]
            },
            "notification-url": "https://packagist.org/downloads/",
            "license": [
                "MIT",
                "GPL-3.0"
            ],
            "authors": [
                {
                    "name": "Leaf Corcoran",
                    "email": "leafot@gmail.com",
                    "homepage": "http://leafo.net"
                }
            ],
            "description": "lessphp is a compiler for LESS written in PHP.",
            "homepage": "http://leafo.net/lessphp/",
            "time": "2014-11-24 18:39:20"
        },
        {
            "name": "liuggio/statsd-php-client",
            "version": "v1.0.16",
            "source": {
                "type": "git",
                "url": "https://github.com/liuggio/statsd-php-client.git",
                "reference": "a84fbef1a7afbfafd0ca4f1ebae4935bd1a7d920"
            },
            "dist": {
                "type": "zip",
                "url": "https://api.github.com/repos/liuggio/statsd-php-client/zipball/a84fbef1a7afbfafd0ca4f1ebae4935bd1a7d920",
                "reference": "a84fbef1a7afbfafd0ca4f1ebae4935bd1a7d920",
                "shasum": ""
            },
            "require": {
                "php": ">=5.3.2"
            },
            "require-dev": {
                "monolog/monolog": ">=1.2.0"
            },
            "suggest": {
                "monolog/monolog": "Monolog, in order to do generate statistic from log >=1.2.0)"
            },
            "type": "library",
            "autoload": {
                "psr-0": {
                    "Liuggio": "src/"
                }
            },
            "notification-url": "https://packagist.org/downloads/",
            "license": [
                "MIT"
            ],
            "authors": [
                {
                    "name": "Giulio De Donato",
                    "email": "liuggio@gmail.com"
                }
            ],
            "description": "Statsd (Object Oriented) client library for PHP",
            "homepage": "https://github.com/liuggio/statsd-php-client/",
            "keywords": [
                "etsy",
                "monitoring",
                "php",
                "statsd"
            ],
            "time": "2015-04-27 08:12:26"
        },
        {
            "name": "mediawiki/at-ease",
            "version": "v1.0.0",
            "source": {
                "type": "git",
                "url": "https://github.com/wikimedia/at-ease.git",
                "reference": "7fd36f292be261ed1cb33df8adee6764a88308c3"
            },
            "dist": {
                "type": "zip",
                "url": "https://api.github.com/repos/wikimedia/at-ease/zipball/7fd36f292be261ed1cb33df8adee6764a88308c3",
                "reference": "7fd36f292be261ed1cb33df8adee6764a88308c3",
                "shasum": ""
            },
            "require": {
                "php": ">=5.3.3"
            },
            "require-dev": {
                "jakub-onderka/php-parallel-lint": "0.8.*",
                "mediawiki/mediawiki-codesniffer": "0.1.0",
                "phpunit/phpunit": "~4.5",
                "squizlabs/php_codesniffer": "2.3.0"
            },
            "type": "library",
            "autoload": {
                "files": [
                    "src/Functions.php"
                ]
            },
            "notification-url": "https://packagist.org/downloads/",
            "license": [
                "GPL-2.0+"
            ],
            "authors": [
                {
                    "name": "Tim Starling",
                    "email": "tstarling@wikimedia.org"
                },
                {
                    "name": "MediaWiki developers",
                    "email": "wikitech-l@lists.wikimedia.org"
                }
            ],
            "description": "Safe replacement to @ for suppressing warnings.",
            "homepage": "https://www.mediawiki.org/wiki/at-ease",
            "time": "2015-06-10 06:01:42"
        },
        {
            "name": "monolog/monolog",
            "version": "1.14.0",
            "source": {
                "type": "git",
                "url": "https://github.com/Seldaek/monolog.git",
                "reference": "b287fbbe1ca27847064beff2bad7fb6920bf08cc"
            },
            "dist": {
                "type": "zip",
                "url": "https://api.github.com/repos/Seldaek/monolog/zipball/b287fbbe1ca27847064beff2bad7fb6920bf08cc",
                "reference": "b287fbbe1ca27847064beff2bad7fb6920bf08cc",
                "shasum": ""
            },
            "require": {
                "php": ">=5.3.0",
                "psr/log": "~1.0"
            },
            "provide": {
                "psr/log-implementation": "1.0.0"
            },
            "require-dev": {
                "aws/aws-sdk-php": "^2.4.9",
                "doctrine/couchdb": "~1.0@dev",
                "graylog2/gelf-php": "~1.0",
                "php-console/php-console": "^3.1.3",
                "phpunit/phpunit": "~4.5",
                "phpunit/phpunit-mock-objects": "2.3.0",
                "raven/raven": "~0.8",
                "ruflin/elastica": ">=0.90 <3.0",
                "swiftmailer/swiftmailer": "~5.3",
                "videlalvaro/php-amqplib": "~2.4"
            },
            "suggest": {
                "aws/aws-sdk-php": "Allow sending log messages to AWS services like DynamoDB",
                "doctrine/couchdb": "Allow sending log messages to a CouchDB server",
                "ext-amqp": "Allow sending log messages to an AMQP server (1.0+ required)",
                "ext-mongo": "Allow sending log messages to a MongoDB server",
                "graylog2/gelf-php": "Allow sending log messages to a GrayLog2 server",
                "php-console/php-console": "Allow sending log messages to Google Chrome",
                "raven/raven": "Allow sending log messages to a Sentry server",
                "rollbar/rollbar": "Allow sending log messages to Rollbar",
                "ruflin/elastica": "Allow sending log messages to an Elastic Search server",
                "videlalvaro/php-amqplib": "Allow sending log messages to an AMQP server using php-amqplib"
            },
            "type": "library",
            "extra": {
                "branch-alias": {
                    "dev-master": "1.14.x-dev"
                }
            },
            "autoload": {
                "psr-4": {
                    "Monolog\\": "src/Monolog"
                }
            },
            "notification-url": "https://packagist.org/downloads/",
            "license": [
                "MIT"
            ],
            "authors": [
                {
                    "name": "Jordi Boggiano",
                    "email": "j.boggiano@seld.be",
                    "homepage": "http://seld.be"
                }
            ],
            "description": "Sends your logs to files, sockets, inboxes, databases and various web services",
            "homepage": "http://github.com/Seldaek/monolog",
            "keywords": [
                "log",
                "logging",
                "psr-3"
            ],
            "time": "2015-06-19 13:29:54"
        },
        {
            "name": "oojs/oojs-ui",
            "version": "v0.12.6",
            "source": {
                "type": "git",
                "url": "https://github.com/wikimedia/oojs-ui.git",
                "reference": "f405939b8c7ef5b5759d8cff7a732deb45b1deaa"
            },
            "dist": {
                "type": "zip",
                "url": "https://api.github.com/repos/wikimedia/oojs-ui/zipball/f405939b8c7ef5b5759d8cff7a732deb45b1deaa",
                "reference": "f405939b8c7ef5b5759d8cff7a732deb45b1deaa",
                "shasum": ""
            },
            "require": {
                "mediawiki/at-ease": "1.0.0",
                "php": ">=5.3.3"
            },
            "require-dev": {
                "jakub-onderka/php-parallel-lint": "0.9",
                "mediawiki/mediawiki-codesniffer": "0.3.0",
                "phpunit/phpunit": "~4.5"
            },
            "type": "library",
            "autoload": {
                "classmap": [
                    "php/"
                ]
            },
            "notification-url": "https://packagist.org/downloads/",
            "license": [
                "MIT"
            ],
            "description": "Provides library of common widgets, layouts, and windows.",
            "homepage": "https://www.mediawiki.org/wiki/OOjs_UI",
            "time": "2015-08-25 23:46:32"
        },
        {
            "name": "psr/log",
            "version": "1.0.0",
            "source": {
                "type": "git",
                "url": "https://github.com/php-fig/log.git",
                "reference": "fe0936ee26643249e916849d48e3a51d5f5e278b"
            },
            "dist": {
                "type": "zip",
                "url": "https://api.github.com/repos/php-fig/log/zipball/fe0936ee26643249e916849d48e3a51d5f5e278b",
                "reference": "fe0936ee26643249e916849d48e3a51d5f5e278b",
                "shasum": ""
            },
            "type": "library",
            "autoload": {
                "psr-0": {
                    "Psr\\Log\\": ""
                }
            },
            "notification-url": "https://packagist.org/downloads/",
            "license": [
                "MIT"
            ],
            "authors": [
                {
                    "name": "PHP-FIG",
                    "homepage": "http://www.php-fig.org/"
                }
            ],
            "description": "Common interface for logging libraries",
            "keywords": [
                "log",
                "psr",
                "psr-3"
            ],
            "time": "2012-12-21 11:40:51"
        },
        {
            "name": "ruflin/elastica",
            "version": "2.2.0",
            "source": {
                "type": "git",
                "url": "https://github.com/ruflin/Elastica.git",
                "reference": "eb3a787259a6c50f87bce507ff24b124d91c4fe7"
            },
            "dist": {
                "type": "zip",
                "url": "https://api.github.com/repos/ruflin/Elastica/zipball/eb3a787259a6c50f87bce507ff24b124d91c4fe7",
                "reference": "eb3a787259a6c50f87bce507ff24b124d91c4fe7",
                "shasum": ""
            },
            "require": {
                "php": ">=5.3.3",
                "psr/log": "~1.0"
            },
            "require-dev": {
                "guzzlehttp/guzzle": "5.3.*",
                "munkie/elasticsearch-thrift-php": "1.4.*"
            },
            "suggest": {
                "egeloen/http-adapter": "Allow using httpadapter transport",
                "guzzlehttp/guzzle": "Allow using guzzle 5.3.x as the http transport (Requires php 5.4)",
                "monolog/monolog": "Logging request",
                "munkie/elasticsearch-thrift-php": "Allow using thrift transport"
            },
            "type": "library",
            "extra": {
                "branch-alias": {
                    "dev-master": "2.0.x-dev"
                }
            },
            "autoload": {
                "psr-4": {
                    "Elastica\\": "lib/Elastica/"
                }
            },
            "notification-url": "https://packagist.org/downloads/",
            "license": [
                "MIT"
            ],
            "authors": [
                {
                    "name": "Nicolas Ruflin",
                    "homepage": "http://ruflin.com/"
                }
            ],
            "description": "Elasticsearch Client",
            "homepage": "http://elastica.io/",
            "keywords": [
                "client",
                "search"
            ],
            "time": "2015-07-08 05:57:43"
        },
        {
            "name": "symfony/process",
            "version": "v2.7.3",
            "source": {
                "type": "git",
                "url": "https://github.com/symfony/Process.git",
                "reference": "48aeb0e48600321c272955132d7606ab0a49adb3"
            },
            "dist": {
                "type": "zip",
                "url": "https://api.github.com/repos/symfony/Process/zipball/48aeb0e48600321c272955132d7606ab0a49adb3",
                "reference": "48aeb0e48600321c272955132d7606ab0a49adb3",
                "shasum": ""
            },
            "require": {
                "php": ">=5.3.9"
            },
            "require-dev": {
                "symfony/phpunit-bridge": "~2.7"
            },
            "type": "library",
            "extra": {
                "branch-alias": {
                    "dev-master": "2.7-dev"
                }
            },
            "autoload": {
                "psr-4": {
                    "Symfony\\Component\\Process\\": ""
                }
            },
            "notification-url": "https://packagist.org/downloads/",
            "license": [
                "MIT"
            ],
            "authors": [
                {
                    "name": "Fabien Potencier",
                    "email": "fabien@symfony.com"
                },
                {
                    "name": "Symfony Community",
                    "homepage": "https://symfony.com/contributors"
                }
            ],
            "description": "Symfony Process Component",
            "homepage": "https://symfony.com",
            "time": "2015-07-01 11:25:50"
        },
        {
            "name": "wikimedia/assert",
            "version": "v0.2.2",
            "source": {
                "type": "git",
                "url": "https://github.com/wmde/Assert.git",
                "reference": "2da55927525975f8d52825fc3ee02e5e36f5036c"
            },
            "dist": {
                "type": "zip",
                "url": "https://api.github.com/repos/wmde/Assert/zipball/2da55927525975f8d52825fc3ee02e5e36f5036c",
                "reference": "2da55927525975f8d52825fc3ee02e5e36f5036c",
                "shasum": ""
            },
            "require-dev": {
                "phpunit/phpunit": "3.7.*"
            },
            "type": "library",
            "autoload": {
                "psr-4": {
                    "Wikimedia\\Assert\\": "src/",
                    "Wikimedia\\Assert\\Test\\": "tests/phpunit/"
                }
            },
            "notification-url": "https://packagist.org/downloads/",
            "license": [
                "MIT"
            ],
            "authors": [
                {
                    "name": "Daniel Kinzler"
                }
            ],
            "description": "Provides runtime assertions",
            "homepage": "https://github.com/wmde/Assert",
            "keywords": [
                "assert",
                "assertions",
                "php",
                "postcondition",
                "precondition",
                "qa"
            ],
            "time": "2015-04-29 17:23:50"
        },
        {
            "name": "wikimedia/cdb",
            "version": "1.0.1",
            "source": {
                "type": "git",
                "url": "https://github.com/wikimedia/cdb.git",
                "reference": "3b7d5366c88eccf2517ebac57c59eb557c82f46c"
            },
            "dist": {
                "type": "zip",
                "url": "https://api.github.com/repos/wikimedia/cdb/zipball/3b7d5366c88eccf2517ebac57c59eb557c82f46c",
                "reference": "3b7d5366c88eccf2517ebac57c59eb557c82f46c",
                "shasum": ""
            },
            "require": {
                "php": ">=5.3.2"
            },
            "require-dev": {
                "phpunit/phpunit": "*"
            },
            "type": "library",
            "autoload": {
                "classmap": [
                    "src/"
                ]
            },
            "notification-url": "https://packagist.org/downloads/",
            "license": [
                "GPL-2.0"
            ],
            "authors": [
                {
                    "name": "Tim Starling",
                    "email": "tstarling@wikimedia.org"
                },
                {
                    "name": "Chad Horohoe",
                    "email": "chad@wikimedia.org"
                }
            ],
            "description": "Constant Database (CDB) wrapper library for PHP. Provides pure-PHP fallback when dba_* functions are absent.",
            "homepage": "https://www.mediawiki.org/wiki/CDB",
            "time": "2014-12-08 19:26:44"
        },
        {
            "name": "wikimedia/composer-merge-plugin",
            "version": "v1.2.1",
            "source": {
                "type": "git",
                "url": "https://github.com/wikimedia/composer-merge-plugin.git",
                "reference": "c455fb5ca09da6b970355b19185e27415bc15756"
            },
            "dist": {
                "type": "zip",
                "url": "https://api.github.com/repos/wikimedia/composer-merge-plugin/zipball/c455fb5ca09da6b970355b19185e27415bc15756",
                "reference": "c455fb5ca09da6b970355b19185e27415bc15756",
                "shasum": ""
            },
            "require": {
                "composer-plugin-api": "^1.0",
                "php": ">=5.3.2"
            },
            "require-dev": {
                "composer/composer": "1.0.*@dev",
                "jakub-onderka/php-parallel-lint": "~0.8",
                "phpspec/prophecy-phpunit": "~1.0",
                "phpunit/phpunit": "~4.0",
                "squizlabs/php_codesniffer": "~2.1.0"
            },
            "type": "composer-plugin",
            "extra": {
                "class": "Wikimedia\\Composer\\MergePlugin"
            },
            "autoload": {
                "psr-4": {
                    "Wikimedia\\Composer\\": "src/"
                }
            },
            "notification-url": "https://packagist.org/downloads/",
            "license": [
                "MIT"
            ],
            "authors": [
                {
                    "name": "Bryan Davis",
                    "email": "bd808@wikimedia.org"
                }
            ],
            "description": "Composer plugin to merge multiple composer.json files",
            "time": "2015-07-03 03:24:58"
        },
        {
            "name": "wikimedia/ip-set",
            "version": "1.0",
            "source": {
                "type": "git",
                "url": "https://github.com/wikimedia/IPSet.git",
                "reference": "b58230c7b743bfeb8efb0e159551eb3343754928"
            },
            "dist": {
                "type": "zip",
                "url": "https://api.github.com/repos/wikimedia/IPSet/zipball/b58230c7b743bfeb8efb0e159551eb3343754928",
                "reference": "b58230c7b743bfeb8efb0e159551eb3343754928",
                "shasum": ""
            },
            "require": {
                "php": ">=5.3.3"
            },
            "require-dev": {
                "jakub-onderka/php-parallel-lint": "0.8.*",
                "mediawiki/mediawiki-codesniffer": "0.2.0",
                "phpunit/phpunit": "4.6.*"
            },
            "type": "library",
            "autoload": {
                "classmap": [
                    "src/"
                ]
            },
            "notification-url": "https://packagist.org/downloads/",
            "license": [
                "GPL-2.0+"
            ],
            "authors": [
                {
                    "name": "Brandon Black",
                    "email": "blblack@gmail.com"
                }
            ],
            "description": "Efficiently match IP addresses against a set of CIDR specifications.",
            "homepage": "https://github.com/wikimedia/IPSet",
            "time": "2015-06-26 19:15:34"
        },
        {
            "name": "wikimedia/utfnormal",
            "version": "v1.0.2",
            "source": {
                "type": "git",
                "url": "https://github.com/wikimedia/utfnormal.git",
                "reference": "bb892a53a76116ad0982445a849043687cb6e778"
            },
            "dist": {
                "type": "zip",
                "url": "https://api.github.com/repos/wikimedia/utfnormal/zipball/bb892a53a76116ad0982445a849043687cb6e778",
                "reference": "bb892a53a76116ad0982445a849043687cb6e778",
                "shasum": ""
            },
            "require": {
                "php": ">=5.3.3"
            },
            "require-dev": {
                "ext-mbstring": "*",
                "jakub-onderka/php-parallel-lint": "0.8.*",
                "mediawiki/mediawiki-codesniffer": "0.1.0",
                "phpunit/phpunit": "4.4.*",
                "squizlabs/php_codesniffer": "2.1.*"
            },
            "type": "library",
            "autoload": {
                "classmap": [
                    "src/"
                ]
            },
            "notification-url": "https://packagist.org/downloads/",
            "license": [
                "GPL-2.0+"
            ],
            "authors": [
                {
                    "name": "Brion Vibber",
                    "email": "bvibber@wikimedia.org"
                }
            ],
            "homepage": "https://www.mediawiki.org/wiki/utfnormal",
            "time": "2015-03-12 01:54:47"
        },
        {
            "name": "wikimedia/wrappedstring",
            "version": "v2.0.0",
            "source": {
                "type": "git",
                "url": "https://github.com/wikimedia/WrappedString.git",
                "reference": "1b27e0ea23bd915644dade17c3fe1e45fdbadf11"
            },
            "dist": {
                "type": "zip",
                "url": "https://api.github.com/repos/wikimedia/WrappedString/zipball/1b27e0ea23bd915644dade17c3fe1e45fdbadf11",
                "reference": "1b27e0ea23bd915644dade17c3fe1e45fdbadf11",
                "shasum": ""
            },
            "require": {
                "php": ">=5.3.3"
            },
            "require-dev": {
                "jakub-onderka/php-parallel-lint": "^0.9.0.0",
                "mediawiki/mediawiki-codesniffer": "^0.3.0.0",
                "phpunit/phpunit": "^4.7.7.0"
            },
            "type": "library",
            "autoload": {
                "psr-4": {
                    "WrappedString\\": "src/"
                }
            },
            "notification-url": "https://packagist.org/downloads/",
            "license": [
                "MIT"
            ],
            "authors": [
                {
                    "name": "Timo Tijhof",
                    "email": "krinklemail@gmail.com"
                }
            ],
            "description": "Automatically compact sequentially-outputted strings that share a common prefix / suffix pair.",
            "homepage": "https://www.mediawiki.org/wiki/WrappedString",
            "time": "2015-07-31 00:06:22"
        },
        {
            "name": "zordius/lightncandy",
            "version": "v0.21",
            "source": {
                "type": "git",
                "url": "https://github.com/zordius/lightncandy.git",
                "reference": "015fed62d0ae6fe7601d3910b8e4b6a6964f86a0"
            },
            "dist": {
                "type": "zip",
                "url": "https://api.github.com/repos/zordius/lightncandy/zipball/015fed62d0ae6fe7601d3910b8e4b6a6964f86a0",
                "reference": "015fed62d0ae6fe7601d3910b8e4b6a6964f86a0",
                "shasum": ""
            },
            "require": {
                "php": ">=5.3.0"
            },
            "require-dev": {
                "phpunit/phpunit": "4.0.17"
            },
            "type": "library",
            "autoload": {
                "classmap": [
                    "src/lightncandy.php"
                ]
            },
            "notification-url": "https://packagist.org/downloads/",
            "license": [
                "MIT"
            ],
            "authors": [
                {
                    "name": "Zordius Chen",
                    "email": "zordius@yahoo-inc.com"
                }
            ],
            "description": "An extremely fast PHP implementation of handlebars ( http://handlebarsjs.com/ ) and mustache ( http://mustache.github.io/ ).",
            "homepage": "https://github.com/zordius/lightncandy",
            "keywords": [
                "handlebars",
                "logicless",
                "mustache",
                "php",
                "template"
            ],
            "time": "2015-05-08 01:56:46"
        }
    ],
    "packages-dev": [],
    "aliases": [],
    "minimum-stability": "stable",
    "stability-flags": [],
    "prefer-stable": true,
    "prefer-lowest": false,
    "platform": {
        "php": ">=5.3.3"
    },
    "platform-dev": []
}
